
Microsoft Visual Studio Solution File, Format Version 12.00
# Visual Studio Version 16
VisualStudioVersion = 16.0.810.16
MinimumVisualStudioVersion = 10.0.40219.1
Project("{FAE04EC0-301F-11D3-BF4B-00C04F79EFBC}") = "CSharpOOP", "CSharpOOP\CSharpOOP.csproj", "{75389F19-28A4-4302-B7E0-D4D43DAB7E03}"
EndProject
Project("{FAE04EC0-301F-11D3-BF4B-00C04F79EFBC}") = "VehicleOOPSample", "VehicleOOPSample\VehicleOOPSample.csproj", "{D988B2DF-9EA5-4AC8-9F8B-0C776AEAB981}"
EndProject
Project("{FAE04EC0-301F-11D3-BF4B-00C04F79EFBC}") = "EmlakSample", "EmlakSample\EmlakSample.csproj", "{2487ABCA-E73B-4E06-A5A3-D895FAC28A54}"
EndProject
Project("{FAE04EC0-301F-11D3-BF4B-00C04F79EFBC}") = "CSharpObjectVarDynamic", "CSharpObjectVarDynamic\CSharpObjectVarDynamic.csproj", "{CE8DFB57-77CB-4CA0-9A45-68C21B23D9E1}"
EndProject
Project("{FAE04EC0-301F-11D3-BF4B-00C04F79EFBC}") = "CSharpInterfaceSample", "CSharpInterfaceSample\CSharpInterfaceSample.csproj", "{F2F90A8C-E5DE-46A5-AE16-5D64506DA2AD}"
EndProject
Project("{FAE04EC0-301F-11D3-BF4B-00C04F79EFBC}") = "CSharpGameInterfaceSample", "CSharpGameInterfaceSample\CSharpGameInterfaceSample.csproj", "{AB202ED8-8AA0-4510-AA21-0D2774A02F03}"
EndProject
Global
	GlobalSection(SolutionConfigurationPlatforms) = preSolution
		Debug|Any CPU = Debug|Any CPU
		Release|Any CPU = Release|Any CPU
	EndGlobalSection
	GlobalSection(ProjectConfigurationPlatforms) = postSolution
		{75389F19-28A4-4302-B7E0-D4D43DAB7E03}.Debug|Any CPU.ActiveCfg = Debug|Any CPU
		{75389F19-28A4-4302-B7E0-D4D43DAB7E03}.Debug|Any CPU.Build.0 = Debug|Any CPU
		{75389F19-28A4-4302-B7E0-D4D43DAB7E03}.Release|Any CPU.ActiveCfg = Release|Any CPU
		{75389F19-28A4-4302-B7E0-D4D43DAB7E03}.Release|Any CPU.Build.0 = Release|Any CPU
		{D988B2DF-9EA5-4AC8-9F8B-0C776AEAB981}.Debug|Any CPU.ActiveCfg = Debug|Any CPU
		{D988B2DF-9EA5-4AC8-9F8B-0C776AEAB981}.Debug|Any CPU.Build.0 = Debug|Any CPU
		{D988B2DF-9EA5-4AC8-9F8B-0C776AEAB981}.Release|Any CPU.ActiveCfg = Release|Any CPU
		{D988B2DF-9EA5-4AC8-9F8B-0C776AEAB981}.Release|Any CPU.Build.0 = Release|Any CPU
		{2487ABCA-E73B-4E06-A5A3-D895FAC28A54}.Debug|Any CPU.ActiveCfg = Debug|Any CPU
		{2487ABCA-E73B-4E06-A5A3-D895FAC28A54}.Debug|Any CPU.Build.0 = Debug|Any CPU
		{2487ABCA-E73B-4E06-A5A3-D895FAC28A54}.Release|Any CPU.ActiveCfg = Release|Any CPU
		{2487ABCA-E73B-4E06-A5A3-D895FAC28A54}.Release|Any CPU.Build.0 = Release|Any CPU
		{CE8DFB57-77CB-4CA0-9A45-68C21B23D9E1}.Debug|Any CPU.ActiveCfg = Debug|Any CPU
		{CE8DFB57-77CB-4CA0-9A45-68C21B23D9E1}.Debug|Any CPU.Build.0 = Debug|Any CPU
		{CE8DFB57-77CB-4CA0-9A45-68C21B23D9E1}.Release|Any CPU.ActiveCfg = Release|Any CPU
		{CE8DFB57-77CB-4CA0-9A45-68C21B23D9E1}.Release|Any CPU.Build.0 = Release|Any CPU
		{F2F90A8C-E5DE-46A5-AE16-5D64506DA2AD}.Debug|Any CPU.ActiveCfg = Debug|Any CPU
		{F2F90A8C-E5DE-46A5-AE16-5D64506DA2AD}.Debug|Any CPU.Build.0 = Debug|Any CPU
		{F2F90A8C-E5DE-46A5-AE16-5D64506DA2AD}.Release|Any CPU.ActiveCfg = Release|Any CPU
		{F2F90A8C-E5DE-46A5-AE16-5D64506DA2AD}.Release|Any CPU.Build.0 = Release|Any CPU
		{AB202ED8-8AA0-4510-AA21-0D2774A02F03}.Debug|Any CPU.ActiveCfg = Debug|Any CPU
		{AB202ED8-8AA0-4510-AA21-0D2774A02F03}.Debug|Any CPU.Build.0 = Debug|Any CPU
		{AB202ED8-8AA0-4510-AA21-0D2774A02F03}.Release|Any CPU.ActiveCfg = Release|Any CPU
		{AB202ED8-8AA0-4510-AA21-0D2774A02F03}.Release|Any CPU.Build.0 = Release|Any CPU
	EndGlobalSection
	GlobalSection(SolutionProperties) = preSolution
		HideSolutionNode = FALSE
	EndGlobalSection
	GlobalSection(ExtensibilityGlobals) = postSolution
		SolutionGuid = {D2642C3C-86A2-4F63-A9C4-457BE7EB12F9}
	EndGlobalSection
EndGlobal
