
Microsoft Visual Studio Solution File, Format Version 12.00
# Visual Studio Version 16
VisualStudioVersion = 16.0.810.16
MinimumVisualStudioVersion = 10.0.40219.1
Project("{FAE04EC0-301F-11D3-BF4B-00C04F79EFBC}") = "CSharpOOP", "CSharpOOP.csproj", "{5D303E84-77AE-46B2-88C0-056142F522E2}"
EndProject
Project("{FAE04EC0-301F-11D3-BF4B-00C04F79EFBC}") = "VehicleOOPSample", "VehicleOOPSample\VehicleOOPSample.csproj", "{8B0821B4-DF57-4FF1-883E-7EA6E7F004F2}"
EndProject
Global
	GlobalSection(SolutionConfigurationPlatforms) = preSolution
		Debug|Any CPU = Debug|Any CPU
		Release|Any CPU = Release|Any CPU
	EndGlobalSection
	GlobalSection(ProjectConfigurationPlatforms) = postSolution
		{5D303E84-77AE-46B2-88C0-056142F522E2}.Debug|Any CPU.ActiveCfg = Debug|Any CPU
		{5D303E84-77AE-46B2-88C0-056142F522E2}.Debug|Any CPU.Build.0 = Debug|Any CPU
		{5D303E84-77AE-46B2-88C0-056142F522E2}.Release|Any CPU.ActiveCfg = Release|Any CPU
		{5D303E84-77AE-46B2-88C0-056142F522E2}.Release|Any CPU.Build.0 = Release|Any CPU
		{8B0821B4-DF57-4FF1-883E-7EA6E7F004F2}.Debug|Any CPU.ActiveCfg = Debug|Any CPU
		{8B0821B4-DF57-4FF1-883E-7EA6E7F004F2}.Debug|Any CPU.Build.0 = Debug|Any CPU
		{8B0821B4-DF57-4FF1-883E-7EA6E7F004F2}.Release|Any CPU.ActiveCfg = Release|Any CPU
		{8B0821B4-DF57-4FF1-883E-7EA6E7F004F2}.Release|Any CPU.Build.0 = Release|Any CPU
	EndGlobalSection
	GlobalSection(SolutionProperties) = preSolution
		HideSolutionNode = FALSE
	EndGlobalSection
	GlobalSection(ExtensibilityGlobals) = postSolution
		SolutionGuid = {4DA00F56-627B-493F-A5B1-CC15CF34E5A6}
	EndGlobalSection
EndGlobal
